# THIS IS AN AUTOGENERATED FILE. DO NOT EDIT THIS FILE DIRECTLY.
# yarn lockfile v1


"@esy-ocaml/esy-installer@*", "@esy-ocaml/esy-installer@^0.0.0":
  version "0.0.0"
  resolved "https://registry.yarnpkg.com/@esy-ocaml/esy-installer/-/esy-installer-0.0.0.tgz#6b0e2bd4ee43531ac74793fe55cfcc3aca197a66"

"@esy-ocaml/substs@^0.0.1":
  version "0.0.1"
  resolved "https://registry.yarnpkg.com/@esy-ocaml/substs/-/substs-0.0.1.tgz#59ebdbbaedcda123fc7ed8fb2b302b7d819e9a46"

"@opam/base-bytes@*":
  version "0.0.0-base"
  uid bacd2a20f40952db4c545687d27548ab
  resolved "@opam/base-bytes@0.0.0-base-bacd2a20f40952db4c545687d27548ab.tgz"
  dependencies:
    "@esy-ocaml/esy-installer" "^0.0.0"
    "@esy-ocaml/substs" "^0.0.1"
    "@opam/ocamlfind" " >= 1.5.3"
  peerDependencies:
    ocaml " >= 4.2.0"

"@opam/base-threads@*":
  version "0.0.0-base"
  uid "5601b815938b487242834ca2ddd7e3fc"
  resolved "@opam/base-threads@0.0.0-base-5601b815938b487242834ca2ddd7e3fc.tgz"
  dependencies:
    "@esy-ocaml/esy-installer" "^0.0.0"
    "@esy-ocaml/substs" "^0.0.1"
  peerDependencies:
    ocaml "*"

"@opam/base-unix@*":
  version "0.0.0-base"
  uid "04bc004c59f2edca849d38ea6891bb7f"
  resolved "@opam/base-unix@0.0.0-base-04bc004c59f2edca849d38ea6891bb7f.tgz"
  dependencies:
    "@esy-ocaml/esy-installer" "^0.0.0"
    "@esy-ocaml/substs" "^0.0.1"
  peerDependencies:
    ocaml "*"

"@opam/base@ >= 100000000.10.0  < 100000000.11.0":
  version "100000000.10.0"
  uid "61a1898496c450e7f69b8cc9372c37d3"
  resolved "@opam/base@100000000.10.0-0f4c76c362a664261940c4884d42abfb.tgz"
  dependencies:
    "@esy-ocaml/esy-installer" "^0.0.0"
    "@esy-ocaml/substs" "^0.0.1"
    "@opam/jbuilder" " >= 1.0.0-beta12"
    "@opam/sexplib" " >= 100000000.10.0  < 100000000.11.0"
  peerDependencies:
    ocaml " >= 4.4.1000"

"@opam/biniou@ >= 1.2.0":
  version "1.2.0"
  uid af4880e80be63bbb3043fb7184882eb8
  resolved "@opam/biniou@1.2.0-6fd1adb146321db74c08abc202b12119.tgz"
  dependencies:
    "@esy-ocaml/esy-installer" "^0.0.0"
    "@esy-ocaml/substs" "^0.0.1"
    "@opam/conf-which" "*"
    "@opam/easy-format" "*"
    "@opam/jbuilder" " >= 1.0.0-beta7"
  peerDependencies:
    ocaml " >= 4.2.3000"

"@opam/camlp4@*":
  version "4.6.0-1"
  uid ec9e71b1e73d101ab8ef9a66cc9035e7
  resolved "@opam/camlp4@4.6.0-1-ec9e71b1e73d101ab8ef9a66cc9035e7.tgz"
  dependencies:
    "@esy-ocaml/esy-installer" "^0.0.0"
    "@esy-ocaml/substs" "^0.0.1"
    "@opam/ocamlbuild" "*"
  peerDependencies:
    ocaml " >= 4.6.0  < 4.7.0"

"@opam/camomile@ >= 0.8.0", "@opam/camomile@*":
  version "0.8.7"
  uid c128e86f078793c4ef45907002f0cb86
  resolved "@opam/camomile@0.8.7-dee5adee8b39485e2c4e56546c56f2c2.tgz"
  dependencies:
    "@esy-ocaml/esy-installer" "^0.0.0"
    "@esy-ocaml/substs" "^0.0.1"
    "@opam/base-bytes" "*"
    "@opam/camlp4" "*"
    "@opam/cppo" "*"
    "@opam/jbuilder" " >= 1.0.0-beta7"
  peerDependencies:
    ocaml " >= 4.2.3000"

"@opam/cmdliner@ >= 1.0.0", "@opam/cmdliner@1.0.2":
  version "1.0.2"
  uid "4b1c61475a9d1d2451b622ad0f3e58d2"
  resolved "@opam/cmdliner@1.0.2-4b1c61475a9d1d2451b622ad0f3e58d2.tgz"
  dependencies:
    "@esy-ocaml/esy-installer" "^0.0.0"
    "@esy-ocaml/substs" "^0.0.1"
    "@opam/ocamlbuild" "*"
    "@opam/ocamlfind" "*"
    "@opam/result" "*"
    "@opam/topkg" "*"
  peerDependencies:
    ocaml " >= 4.1.0"

"@opam/conf-m4@*":
  version "1.0.0"
  uid "97f0966b2e2652d02c0d9125781c31df"
  resolved "@opam/conf-m4@1.0.0-97f0966b2e2652d02c0d9125781c31df.tgz"
  dependencies:
    "@esy-ocaml/esy-installer" "^0.0.0"
    "@esy-ocaml/substs" "^0.0.1"
  peerDependencies:
    ocaml "*"

"@opam/conf-which@*":
  version "1.0.0"
  uid b7770c8a3ebbb7f8a80c925753375bb8
  resolved "@opam/conf-which@1.0.0-b7770c8a3ebbb7f8a80c925753375bb8.tgz"
  dependencies:
    "@esy-ocaml/esy-installer" "^0.0.0"
    "@esy-ocaml/substs" "^0.0.1"
  peerDependencies:
    ocaml "*"

"@opam/containers@1.3.0":
  version "1.3.0"
  uid f3299c637142a9965f329faee23b0ef0
  resolved "@opam/containers@1.3.0-f3299c637142a9965f329faee23b0ef0.tgz"
  dependencies:
    "@esy-ocaml/esy-installer" "^0.0.0"
    "@esy-ocaml/substs" "^0.0.1"
    "@opam/base-bytes" "*"
    "@opam/cppo" "*"
    "@opam/ocamlbuild" "*"
    "@opam/ocamlfind" "*"
    "@opam/result" "*"
  peerDependencies:
    ocaml " >= 4.1.0"

"@opam/cppo@ >= 1.1.0", "@opam/cppo@ >= 1.1.2", "@opam/cppo@*":
  version "1.6.0"
  uid "349808856d0a52266567126c6e1a482c"
  resolved "@opam/cppo@1.6.0-e7f9ad67562d5952779e822a0a37d129.tgz"
  dependencies:
    "@esy-ocaml/esy-installer" "^0.0.0"
    "@esy-ocaml/substs" "^0.0.1"
    "@opam/base-bytes" "*"
    "@opam/base-unix" "*"
    "@opam/jbuilder" " >= 1.0.0-beta10"
  peerDependencies:
    ocaml " < 4.7.0"

"@opam/easy-format@*":
  version "1.3.1"
  uid "0c2f9b085eba4175086013e7ef48ba05"
  resolved "@opam/easy-format@1.3.1-4e537c470132ac4ef36e738fde0736a7.tgz"
  dependencies:
    "@esy-ocaml/esy-installer" "^0.0.0"
    "@esy-ocaml/substs" "^0.0.1"
    "@opam/jbuilder" "*"
  peerDependencies:
    ocaml " >= 4.2.3000"

"@opam/fieldslib@ >= 100000000.10.0  < 100000000.11.0":
  version "100000000.10.0"
  uid ef62f0958c425b08a89fa7aaf2d5ec5a
  resolved "@opam/fieldslib@100000000.10.0-0155e2a3912002d334790c3e651e80ca.tgz"
  dependencies:
    "@esy-ocaml/esy-installer" "^0.0.0"
    "@esy-ocaml/substs" "^0.0.1"
    "@opam/base" " >= 100000000.10.0  < 100000000.11.0"
    "@opam/jbuilder" " >= 1.0.0-beta12"
    "@opam/ocaml-migrate-parsetree" " >= 0.4.0"
    "@opam/ppx_driver" " >= 100000000.10.0  < 100000000.11.0"
  peerDependencies:
    ocaml " >= 4.4.1000"

"@opam/fileutils@0.5.3":
  version "0.5.3"
  uid ecb7c802306bb1d9373c78346c181541
  resolved "@opam/fileutils@0.5.3-ecb7c802306bb1d9373c78346c181541.tgz"
  dependencies:
    "@esy-ocaml/esy-installer" "^0.0.0"
    "@esy-ocaml/substs" "^0.0.1"
    "@opam/base-bytes" "*"
    "@opam/base-unix" "*"
    "@opam/ocamlbuild" "*"
    "@opam/ocamlfind" "*"
  peerDependencies:
    ocaml "*"

"@opam/fmt@0.8.5":
  version "0.8.5"
  uid "5c1870ebd5137354d253a3abbaf020f0"
  resolved "@opam/fmt@0.8.5-5c1870ebd5137354d253a3abbaf020f0.tgz"
  dependencies:
    "@esy-ocaml/esy-installer" "^0.0.0"
    "@esy-ocaml/substs" "^0.0.1"
    "@opam/ocamlbuild" "*"
    "@opam/ocamlfind" "*"
    "@opam/result" "*"
    "@opam/topkg" " >= 0.9.0"
    "@opam/uchar" "*"
  peerDependencies:
    ocaml " >= 4.1.0"

"@opam/gen@*":
  version "0.5.0"
  uid b6b803fd9de7d9bdd947967ada9fec8d
  resolved "@opam/gen@0.5.0-b6b803fd9de7d9bdd947967ada9fec8d.tgz"
  dependencies:
    "@esy-ocaml/esy-installer" "^0.0.0"
    "@esy-ocaml/substs" "^0.0.1"
    "@opam/ocamlbuild" "*"
    "@opam/ocamlfind" "*"
  peerDependencies:
    ocaml "*"

"@opam/jbuilder@ >= 1.0.0-beta10", "@opam/jbuilder@ >= 1.0.0-beta7", "@opam/jbuilder@ >= 1.0.0-beta9", "@opam/jbuilder@*":
  version "1.0.0-beta16"
  uid "851f0253157da21f055187b3f296fdae"
  resolved "@opam/jbuilder@1.0.0-beta16-268cea30119d82b294b8a8333019a3d6.tgz"
  dependencies:
    "@esy-ocaml/esy-installer" "^0.0.0"
    "@esy-ocaml/substs" "^0.0.1"
    "@opam/ocamlfind" "*"
  peerDependencies:
    ocaml " >= 4.2.3000"

"@opam/jbuilder@ >= 1.0.0-beta12", "@opam/jbuilder@ >= 1.0.0-beta14":
  version "1.0.0-beta17"
  uid fa843d1276caa97411fa08fad16ea291
  resolved "@opam/jbuilder@1.0.0-beta17-fa843d1276caa97411fa08fad16ea291.tgz"
  dependencies:
    "@esy-ocaml/esy-installer" "^0.0.0"
    "@esy-ocaml/substs" "^0.0.1"
    "@opam/ocamlfind" "*"
  peerDependencies:
    ocaml " >= 4.2.3000"

"@opam/lambda-term@ >= 1.2.0":
  version "1.12.0"
  uid "472857378659d1a1599183ff632c0797"
  resolved "@opam/lambda-term@1.12.0-b1b97a4a29e48a80737103642ef60ba2.tgz"
  dependencies:
    "@esy-ocaml/esy-installer" "^0.0.0"
    "@esy-ocaml/substs" "^0.0.1"
    "@opam/camomile" "*"
    "@opam/jbuilder" " >= 1.0.0-beta9"
    "@opam/lwt" " >= 2.7.0"
    "@opam/lwt_react" "*"
    "@opam/react" "*"
    "@opam/zed" " >= 1.2.0"
  peerDependencies:
    ocaml " >= 4.2.3000"

"@opam/logs@0.6.2":
  version "0.6.2"
  uid b3644eee19217825f652f61a658ca61e
  resolved "@opam/logs@0.6.2-b3644eee19217825f652f61a658ca61e.tgz"
  dependencies:
    "@esy-ocaml/esy-installer" "^0.0.0"
    "@esy-ocaml/substs" "^0.0.1"
    "@opam/ocamlbuild" "*"
    "@opam/ocamlfind" "*"
    "@opam/result" "*"
    "@opam/topkg" "*"
  peerDependencies:
    ocaml " >= 4.1.0"

"@opam/lwt@ >= 2.7.0", "@opam/lwt@ >= 3.0.0", "@opam/lwt@*":
  version "3.2.1"
  uid "0dc31662087c7ed246f43c4c81ce681e"
  resolved "@opam/lwt@3.2.1-99b34a205103b22e53e05a21ce38ade6.tgz"
  dependencies:
    "@esy-ocaml/esy-installer" "^0.0.0"
    "@esy-ocaml/substs" "^0.0.1"
    "@opam/cppo" " >= 1.1.0"
    "@opam/jbuilder" " >= 1.0.0-beta14"
    "@opam/ocaml-migrate-parsetree" "*"
    "@opam/ocamlfind" " >= 1.7.3--1"
    "@opam/ppx_tools_versioned" " >= 5.0.1"
    "@opam/result" "*"
  peerDependencies:
    ocaml " >= 4.2.0"

"@opam/lwt@3.3.0":
  version "3.3.0"
  uid d6527433462fadf2f1b8168dbb5cf10e
  resolved "@opam/lwt@3.3.0-d6527433462fadf2f1b8168dbb5cf10e.tgz"
  dependencies:
    "@esy-ocaml/esy-installer" "^0.0.0"
    "@esy-ocaml/substs" "^0.0.1"
    "@opam/cppo" " >= 1.1.0"
    "@opam/jbuilder" " >= 1.0.0-beta14"
    "@opam/ocaml-migrate-parsetree" "*"
    "@opam/ocamlfind" " >= 1.7.3--1"
    "@opam/ppx_tools_versioned" " >= 5.0.1"
    "@opam/result" "*"
  peerDependencies:
    ocaml " >= 4.2.0"

"@opam/lwt_react@*":
  version "1.1.0"
  uid "20a2a8d3c6e4d1038ae9d01666a15320"
  resolved "@opam/lwt_react@1.1.0-20a2a8d3c6e4d1038ae9d01666a15320.tgz"
  dependencies:
    "@esy-ocaml/esy-installer" "^0.0.0"
    "@esy-ocaml/substs" "^0.0.1"
    "@opam/jbuilder" " >= 1.0.0-beta10"
    "@opam/lwt" " >= 3.0.0"
    "@opam/react" " >= 1.0.0"
  peerDependencies:
    ocaml "*"

"@opam/merlin@*":
  version "3.0.5"
  uid "43a4ee2722d4484e3b65826d613451a7"
  resolved "@opam/merlin@3.0.5-8ae0471d01a563b5552199bffb5b1da5.tgz"
  dependencies:
    "@esy-ocaml/esy-installer" "^0.0.0"
    "@esy-ocaml/substs" "^0.0.1"
    "@opam/ocamlfind" " >= 1.5.2"
    "@opam/yojson" "*"
  peerDependencies:
    ocaml " >= 4.2.1000  < 4.7.0"

"@opam/num@*":
  version "1.1.0"
  uid c64f9fc6e953860619021ca270ab9d57
  resolved "@opam/num@1.1.0-c64f9fc6e953860619021ca270ab9d57.tgz"
  dependencies:
    "@esy-ocaml/esy-installer" "^0.0.0"
    "@esy-ocaml/substs" "^0.0.1"
    "@opam/ocamlfind" " >= 1.7.3"
  peerDependencies:
    ocaml " >= 4.6.0"

"@opam/ocaml-compiler-libs@ >= 100000000.10.0  < 100000000.11.0":
  version "100000000.10.0"
  uid "8fa775ba888d5647dac83db8c2fcdfd6"
  resolved "@opam/ocaml-compiler-libs@100000000.10.0-ec320bfae5b49e944cee71222fbf6557.tgz"
  dependencies:
    "@esy-ocaml/esy-installer" "^0.0.0"
    "@esy-ocaml/substs" "^0.0.1"
    "@opam/jbuilder" " >= 1.0.0-beta12"
  peerDependencies:
    ocaml " >= 4.4.1000"

"@opam/ocaml-migrate-parsetree@ >= 0.4.0", "@opam/ocaml-migrate-parsetree@ >= 1.0.0", "@opam/ocaml-migrate-parsetree@*":
  version "1.0.7"
  uid "8dd63da93ee2ed29313f5b50471c94ae"
  resolved "@opam/ocaml-migrate-parsetree@1.0.7-8dd63da93ee2ed29313f5b50471c94ae.tgz"
  dependencies:
    "@esy-ocaml/esy-installer" "^0.0.0"
    "@esy-ocaml/substs" "^0.0.1"
    "@opam/jbuilder" " >= 1.0.0-beta10"
    "@opam/ocamlfind" "*"
    "@opam/result" "*"
  peerDependencies:
    ocaml " >= 4.2.0"

"@opam/ocamlbuild@*", "@opam/ocamlbuild@esy-ocaml/ocamlbuild#0.11.0-esy":
  version "0.11.0-esy"
  resolved "https://codeload.github.com/esy-ocaml/ocamlbuild/tar.gz/337c6b9c6cc6ead6d0a89914ca53c3abf988c902"
  dependencies:
    "@esy-ocaml/esy-installer" "^0.0.0"
    "@esy-ocaml/substs" "^0.0.1"
  peerDependencies:
    ocaml " >= 4.3.0"

"@opam/ocamlfind@ >= 1.5.0", "@opam/ocamlfind@ >= 1.5.2", "@opam/ocamlfind@ >= 1.5.3", "@opam/ocamlfind@ >= 1.6.1", "@opam/ocamlfind@ >= 1.7.2", "@opam/ocamlfind@ >= 1.7.3", "@opam/ocamlfind@ >= 1.7.3--1", "@opam/ocamlfind@*":
  version "1.7.3--1"
  uid "2e5446e160cfd1aae7944b2f7add39b7"
  resolved "@opam/ocamlfind@1.7.3--1-2e5446e160cfd1aae7944b2f7add39b7.tgz"
  dependencies:
    "@esy-ocaml/esy-installer" "^0.0.0"
    "@esy-ocaml/substs" "^0.0.1"
    "@opam/conf-m4" "*"
  peerDependencies:
    ocaml " >= 3.12.0"

"@opam/ocp-build@ >= 1.99.6--beta":
  version "1.99.20--beta"
  uid e257cd415f77a7b2e9714bfd95aafbe2
  resolved "@opam/ocp-build@1.99.20--beta-010d08eecfe9a9f3c6d108928965a467.tgz"
  dependencies:
    "@esy-ocaml/esy-installer" "^0.0.0"
    "@esy-ocaml/substs" "^0.0.1"
    "@opam/cmdliner" " >= 1.0.0"
    "@opam/ocamlfind" "*"
  peerDependencies:
    ocaml " >= 4.2.1000"

"@opam/ocp-indent@*":
  version "1.6.1"
  uid bd067691c0bc8b5137864b3fbc313cb8
  resolved "@opam/ocp-indent@1.6.1-bd067691c0bc8b5137864b3fbc313cb8.tgz"
  dependencies:
    "@esy-ocaml/esy-installer" "^0.0.0"
    "@esy-ocaml/substs" "^0.0.1"
    "@opam/base-bytes" "*"
    "@opam/cmdliner" " >= 1.0.0"
    "@opam/ocp-build" " >= 1.99.6--beta"
  peerDependencies:
    ocaml "*"

"@opam/ppx_assert@ >= 100000000.10.0  < 100000000.11.0":
  version "100000000.10.0"
  uid "12ec2eed951190286a9b3a3be643f639"
  resolved "@opam/ppx_assert@100000000.10.0-b0f49146fa14948e95134ba341639c25.tgz"
  dependencies:
    "@esy-ocaml/esy-installer" "^0.0.0"
    "@esy-ocaml/substs" "^0.0.1"
    "@opam/base" " >= 100000000.10.0  < 100000000.11.0"
    "@opam/jbuilder" " >= 1.0.0-beta12"
    "@opam/ocaml-migrate-parsetree" " >= 0.4.0"
    "@opam/ppx_compare" " >= 100000000.10.0  < 100000000.11.0"
    "@opam/ppx_core" " >= 100000000.10.0  < 100000000.11.0"
    "@opam/ppx_driver" " >= 100000000.10.0  < 100000000.11.0"
    "@opam/ppx_here" " >= 100000000.10.0  < 100000000.11.0"
    "@opam/ppx_metaquot" " >= 100000000.10.0  < 100000000.11.0"
    "@opam/ppx_sexp_conv" " >= 100000000.10.0  < 100000000.11.0"
    "@opam/ppx_type_conv" " >= 100000000.10.0  < 100000000.11.0"
    "@opam/sexplib" " >= 100000000.10.0  < 100000000.11.0"
  peerDependencies:
    ocaml " >= 4.4.1000"

"@opam/ppx_ast@ >= 100000000.10.0  < 100000000.11.0":
  version "100000000.10.0"
  uid c8ef9a150180e7f0b91193de2e8fcafd
  resolved "@opam/ppx_ast@100000000.10.0-86d6a315d4e6ab6dbbf6cc9c03c4dcfa.tgz"
  dependencies:
    "@esy-ocaml/esy-installer" "^0.0.0"
    "@esy-ocaml/substs" "^0.0.1"
    "@opam/jbuilder" " >= 1.0.0-beta12"
    "@opam/ocaml-compiler-libs" " >= 100000000.10.0  < 100000000.11.0"
    "@opam/ocaml-migrate-parsetree" " >= 0.4.0"
  peerDependencies:
    ocaml " >= 4.4.1000"

"@opam/ppx_compare@ >= 100000000.10.0  < 100000000.11.0":
  version "100000000.10.0"
  uid e1159926361ab8fea4f40c3b44152e9c
  resolved "@opam/ppx_compare@100000000.10.0-16c35ce446d3a8554fa8be5b1f153d87.tgz"
  dependencies:
    "@esy-ocaml/esy-installer" "^0.0.0"
    "@esy-ocaml/substs" "^0.0.1"
    "@opam/base" " >= 100000000.10.0  < 100000000.11.0"
    "@opam/jbuilder" " >= 1.0.0-beta12"
    "@opam/ocaml-migrate-parsetree" " >= 0.4.0"
    "@opam/ppx_core" " >= 100000000.10.0  < 100000000.11.0"
    "@opam/ppx_driver" " >= 100000000.10.0  < 100000000.11.0"
    "@opam/ppx_metaquot" " >= 100000000.10.0  < 100000000.11.0"
    "@opam/ppx_type_conv" " >= 100000000.10.0  < 100000000.11.0"
  peerDependencies:
    ocaml " >= 4.4.1000"

"@opam/ppx_core@ >= 100000000.10.0  < 100000000.11.0":
  version "100000000.10.0"
  uid "524ee9981e92b66ea1cfcccf3f8d9fdf"
  resolved "@opam/ppx_core@100000000.10.0-7e08a01f506234b6572026b8421aff4d.tgz"
  dependencies:
    "@esy-ocaml/esy-installer" "^0.0.0"
    "@esy-ocaml/substs" "^0.0.1"
    "@opam/base" " >= 100000000.10.0  < 100000000.11.0"
    "@opam/jbuilder" " >= 1.0.0-beta12"
    "@opam/ocaml-compiler-libs" " >= 100000000.10.0  < 100000000.11.0"
    "@opam/ppx_ast" " >= 100000000.10.0  < 100000000.11.0"
    "@opam/ppx_traverse_builtins" " >= 100000000.10.0  < 100000000.11.0"
    "@opam/stdio" " >= 100000000.10.0  < 100000000.11.0"
  peerDependencies:
    ocaml " >= 4.4.1000"

"@opam/ppx_custom_printf@ >= 100000000.10.0  < 100000000.11.0":
  version "100000000.10.0"
  uid ddc5728ae14d1e15785b5e9a69a0ba6f
  resolved "@opam/ppx_custom_printf@100000000.10.0-5dcc563e4873ba753b69c2d0b895f799.tgz"
  dependencies:
    "@esy-ocaml/esy-installer" "^0.0.0"
    "@esy-ocaml/substs" "^0.0.1"
    "@opam/jbuilder" " >= 1.0.0-beta12"
    "@opam/ocaml-migrate-parsetree" " >= 0.4.0"
    "@opam/ppx_core" " >= 100000000.10.0  < 100000000.11.0"
    "@opam/ppx_driver" " >= 100000000.10.0  < 100000000.11.0"
    "@opam/ppx_metaquot" " >= 100000000.10.0  < 100000000.11.0"
    "@opam/ppx_sexp_conv" " >= 100000000.10.0  < 100000000.11.0"
    "@opam/ppx_traverse" " >= 100000000.10.0  < 100000000.11.0"
  peerDependencies:
    ocaml " >= 4.4.1000"

"@opam/ppx_derivers@*":
  version "1.0.0"
  uid "8f34e516ed653f2d9d6fbae0d01e64d8"
  resolved "@opam/ppx_derivers@1.0.0-8f34e516ed653f2d9d6fbae0d01e64d8.tgz"
  dependencies:
    "@esy-ocaml/esy-installer" "^0.0.0"
    "@esy-ocaml/substs" "^0.0.1"
    "@opam/jbuilder" " >= 1.0.0-beta7"
  peerDependencies:
    ocaml "*"

"@opam/ppx_driver@ >= 100000000.10.0  < 100000000.11.0":
  version "100000000.10.2"
  uid "96cc26061aef5b90c72df269bc6090b1"
  resolved "@opam/ppx_driver@100000000.10.2-c1344d25ead3faab44154815b1d13118.tgz"
  dependencies:
    "@esy-ocaml/esy-installer" "^0.0.0"
    "@esy-ocaml/substs" "^0.0.1"
    "@opam/jbuilder" " >= 1.0.0-beta12"
    "@opam/ocaml-migrate-parsetree" " >= 1.0.0"
    "@opam/ppx_core" " >= 100000000.10.0  < 100000000.11.0"
    "@opam/ppx_optcomp" " >= 100000000.10.0  < 100000000.11.0"
  peerDependencies:
    ocaml " >= 4.4.1000"

"@opam/ppx_expect@*":
  version "100000000.10.0"
  uid "7079f5514cdda47ef9cc75300eab6230"
  resolved "@opam/ppx_expect@100000000.10.0-25d9168eb9fc8911bcd0c23ae0502ef3.tgz"
  dependencies:
    "@esy-ocaml/esy-installer" "^0.0.0"
    "@esy-ocaml/substs" "^0.0.1"
    "@opam/base" " >= 100000000.10.0  < 100000000.11.0"
    "@opam/jbuilder" " >= 1.0.0-beta12"
    "@opam/ocaml-migrate-parsetree" " >= 0.4.0"
    "@opam/ppx_assert" " >= 100000000.10.0  < 100000000.11.0"
    "@opam/ppx_compare" " >= 100000000.10.0  < 100000000.11.0"
    "@opam/ppx_core" " >= 100000000.10.0  < 100000000.11.0"
    "@opam/ppx_custom_printf" " >= 100000000.10.0  < 100000000.11.0"
    "@opam/ppx_driver" " >= 100000000.10.0  < 100000000.11.0"
    "@opam/ppx_fields_conv" " >= 100000000.10.0  < 100000000.11.0"
    "@opam/ppx_here" " >= 100000000.10.0  < 100000000.11.0"
    "@opam/ppx_inline_test" " >= 100000000.10.0  < 100000000.11.0"
    "@opam/ppx_metaquot" " >= 100000000.10.0  < 100000000.11.0"
    "@opam/ppx_sexp_conv" " >= 100000000.10.0  < 100000000.11.0"
    "@opam/ppx_traverse" " >= 100000000.10.0  < 100000000.11.0"
    "@opam/ppx_variants_conv" " >= 100000000.10.0  < 100000000.11.0"
    "@opam/re" " >= 1.5.0"
    "@opam/stdio" " >= 100000000.10.0  < 100000000.11.0"
  peerDependencies:
    ocaml " >= 4.4.1000"

"@opam/ppx_fields_conv@ >= 100000000.10.0  < 100000000.11.0":
  version "100000000.10.0"
  uid "5f66e30605878ba80dd087d1b2dc3c95"
  resolved "@opam/ppx_fields_conv@100000000.10.0-3af28f78156520b16e8de4f6d66eb52a.tgz"
  dependencies:
    "@esy-ocaml/esy-installer" "^0.0.0"
    "@esy-ocaml/substs" "^0.0.1"
    "@opam/fieldslib" " >= 100000000.10.0  < 100000000.11.0"
    "@opam/jbuilder" " >= 1.0.0-beta12"
    "@opam/ocaml-migrate-parsetree" " >= 0.4.0"
    "@opam/ppx_core" " >= 100000000.10.0  < 100000000.11.0"
    "@opam/ppx_driver" " >= 100000000.10.0  < 100000000.11.0"
    "@opam/ppx_metaquot" " >= 100000000.10.0  < 100000000.11.0"
    "@opam/ppx_type_conv" " >= 100000000.10.0  < 100000000.11.0"
  peerDependencies:
    ocaml " >= 4.4.1000"

"@opam/ppx_here@ >= 100000000.10.0  < 100000000.11.0":
  version "100000000.10.0"
  uid c1616fe6fb3df6c1dd7fc72352105386
  resolved "@opam/ppx_here@100000000.10.0-897b65595271535552398bb28f3ccd09.tgz"
  dependencies:
    "@esy-ocaml/esy-installer" "^0.0.0"
    "@esy-ocaml/substs" "^0.0.1"
    "@opam/jbuilder" " >= 1.0.0-beta12"
    "@opam/ocaml-migrate-parsetree" " >= 0.4.0"
    "@opam/ppx_core" " >= 100000000.10.0  < 100000000.11.0"
    "@opam/ppx_driver" " >= 100000000.10.0  < 100000000.11.0"
  peerDependencies:
    ocaml " >= 4.4.1000"

"@opam/ppx_inline_test@ >= 100000000.10.0  < 100000000.11.0":
  version "100000000.10.0"
  uid ed94a85602c5dde00832c53f9f7884ac
  resolved "@opam/ppx_inline_test@100000000.10.0-46268d1ce4555e87f4d1c6a83fe0188a.tgz"
  dependencies:
    "@esy-ocaml/esy-installer" "^0.0.0"
    "@esy-ocaml/substs" "^0.0.1"
    "@opam/base" " >= 100000000.10.0  < 100000000.11.0"
    "@opam/jbuilder" " >= 1.0.0-beta12"
    "@opam/ocaml-migrate-parsetree" " >= 0.4.0"
    "@opam/ppx_core" " >= 100000000.10.0  < 100000000.11.0"
    "@opam/ppx_driver" " >= 100000000.10.0  < 100000000.11.0"
    "@opam/ppx_metaquot" " >= 100000000.10.0  < 100000000.11.0"
  peerDependencies:
    ocaml " >= 4.4.1000"

"@opam/ppx_metaquot@ >= 100000000.10.0  < 100000000.11.0":
  version "100000000.10.0"
  uid d4448b38e21b0cafd2931de4182a5627
  resolved "@opam/ppx_metaquot@100000000.10.0-eeb784604af5b82a103e5dde8c74a02d.tgz"
  dependencies:
    "@esy-ocaml/esy-installer" "^0.0.0"
    "@esy-ocaml/substs" "^0.0.1"
    "@opam/jbuilder" " >= 1.0.0-beta12"
    "@opam/ocaml-migrate-parsetree" " >= 0.4.0"
    "@opam/ppx_core" " >= 100000000.10.0  < 100000000.11.0"
    "@opam/ppx_driver" " >= 100000000.10.0  < 100000000.11.0"
    "@opam/ppx_traverse_builtins" " >= 100000000.10.0  < 100000000.11.0"
  peerDependencies:
    ocaml " >= 4.4.1000"

"@opam/ppx_optcomp@ >= 100000000.10.0  < 100000000.11.0":
  version "100000000.10.0"
  uid "053c049836f5eb4d7fb6ace06c7e890e"
  resolved "@opam/ppx_optcomp@100000000.10.0-2db0236047b14a4d4d66747bdb3189d9.tgz"
  dependencies:
    "@esy-ocaml/esy-installer" "^0.0.0"
    "@esy-ocaml/substs" "^0.0.1"
    "@opam/jbuilder" " >= 1.0.0-beta12"
    "@opam/ppx_core" " >= 100000000.10.0  < 100000000.11.0"
  peerDependencies:
    ocaml " >= 4.4.1000"

"@opam/ppx_sexp_conv@ >= 100000000.10.0  < 100000000.11.0":
  version "100000000.10.0"
  uid d2126218013e363cf6758551efe6e06b
  resolved "@opam/ppx_sexp_conv@100000000.10.0-766ed2329e5903671c6a9ababd223c8b.tgz"
  dependencies:
    "@esy-ocaml/esy-installer" "^0.0.0"
    "@esy-ocaml/substs" "^0.0.1"
    "@opam/jbuilder" " >= 1.0.0-beta12"
    "@opam/ocaml-migrate-parsetree" " >= 0.4.0"
    "@opam/ppx_core" " >= 100000000.10.0  < 100000000.11.0"
    "@opam/ppx_driver" " >= 100000000.10.0  < 100000000.11.0"
    "@opam/ppx_metaquot" " >= 100000000.10.0  < 100000000.11.0"
    "@opam/ppx_type_conv" " >= 100000000.10.0  < 100000000.11.0"
    "@opam/sexplib" " >= 100000000.10.0  < 100000000.11.0"
  peerDependencies:
    ocaml " >= 4.4.1000"

"@opam/ppx_tools_versioned@ >= 5.0.1", "@opam/ppx_tools_versioned@*":
  version "5.1.0"
  uid "8c474fc8622c3cdf7683533fae007ea5"
  resolved "@opam/ppx_tools_versioned@5.1.0-8c474fc8622c3cdf7683533fae007ea5.tgz"
  dependencies:
    "@esy-ocaml/esy-installer" "^0.0.0"
    "@esy-ocaml/substs" "^0.0.1"
    "@opam/ocaml-migrate-parsetree" " >= 0.4.0"
    "@opam/ocamlfind" " >= 1.5.0"
  peerDependencies:
    ocaml " >= 4.2.0"

"@opam/ppx_traverse@ >= 100000000.10.0  < 100000000.11.0":
  version "100000000.10.0"
  uid "4a05ed33eacb00d4a3fe1e932443b272"
  resolved "@opam/ppx_traverse@100000000.10.0-73d67ef20dfab89335d8c7841bef51bf.tgz"
  dependencies:
    "@esy-ocaml/esy-installer" "^0.0.0"
    "@esy-ocaml/substs" "^0.0.1"
    "@opam/jbuilder" " >= 1.0.0-beta12"
    "@opam/ocaml-migrate-parsetree" " >= 0.4.0"
    "@opam/ppx_core" " >= 100000000.10.0  < 100000000.11.0"
    "@opam/ppx_driver" " >= 100000000.10.0  < 100000000.11.0"
    "@opam/ppx_metaquot" " >= 100000000.10.0  < 100000000.11.0"
    "@opam/ppx_type_conv" " >= 100000000.10.0  < 100000000.11.0"
  peerDependencies:
    ocaml " >= 4.4.1000"

"@opam/ppx_traverse_builtins@ >= 100000000.10.0  < 100000000.11.0":
  version "100000000.10.0"
  uid "20e5d7a860d5908e647f9fec3ca62399"
  resolved "@opam/ppx_traverse_builtins@100000000.10.0-a2ef026844ed1382a4f6ae253fecacc1.tgz"
  dependencies:
    "@esy-ocaml/esy-installer" "^0.0.0"
    "@esy-ocaml/substs" "^0.0.1"
    "@opam/jbuilder" " >= 1.0.0-beta12"
  peerDependencies:
    ocaml " >= 4.4.1000"

"@opam/ppx_type_conv@ >= 100000000.10.0  < 100000000.11.0":
  version "100000000.10.0"
  uid "4370e2f746ff88a35f41c91b70dc313a"
  resolved "@opam/ppx_type_conv@100000000.10.0-56447fe218875ea2abda16223ffccd63.tgz"
  dependencies:
    "@esy-ocaml/esy-installer" "^0.0.0"
    "@esy-ocaml/substs" "^0.0.1"
    "@opam/jbuilder" " >= 1.0.0-beta12"
    "@opam/ocaml-migrate-parsetree" " >= 0.4.0"
    "@opam/ppx_core" " >= 100000000.10.0  < 100000000.11.0"
    "@opam/ppx_derivers" "*"
    "@opam/ppx_driver" " >= 100000000.10.0  < 100000000.11.0"
    "@opam/ppx_metaquot" " >= 100000000.10.0  < 100000000.11.0"
  peerDependencies:
    ocaml " >= 4.4.1000"

"@opam/ppx_variants_conv@ >= 100000000.10.0  < 100000000.11.0":
  version "100000000.10.0"
  uid "22449aa808d0983704f7d9de4b2a5f12"
  resolved "@opam/ppx_variants_conv@100000000.10.0-d6d24c6b28c3b6ba917485e057f71ad4.tgz"
  dependencies:
    "@esy-ocaml/esy-installer" "^0.0.0"
    "@esy-ocaml/substs" "^0.0.1"
    "@opam/jbuilder" " >= 1.0.0-beta12"
    "@opam/ocaml-migrate-parsetree" " >= 0.4.0"
    "@opam/ppx_core" " >= 100000000.10.0  < 100000000.11.0"
    "@opam/ppx_driver" " >= 100000000.10.0  < 100000000.11.0"
    "@opam/ppx_metaquot" " >= 100000000.10.0  < 100000000.11.0"
    "@opam/ppx_type_conv" " >= 100000000.10.0  < 100000000.11.0"
    "@opam/variantslib" " >= 100000000.10.0  < 100000000.11.0"
  peerDependencies:
    ocaml " >= 4.4.1000"

"@opam/re@ >= 1.5.0", "@opam/re@1.7.1":
  version "1.7.1"
  uid e00c0af36ff712e9c64b1a50b313ee24
  resolved "@opam/re@1.7.1-e00c0af36ff712e9c64b1a50b313ee24.tgz"
  dependencies:
    "@esy-ocaml/esy-installer" "^0.0.0"
    "@esy-ocaml/substs" "^0.0.1"
    "@opam/base-bytes" "*"
    "@opam/ocamlbuild" "*"
    "@opam/ocamlfind" "*"
  peerDependencies:
    ocaml "*"

"@opam/react@ >= 1.0.0", "@opam/react@*":
  version "1.2.1"
  uid "719921829ec3b46cecefeeaefcb6cb61"
  resolved "@opam/react@1.2.1-719921829ec3b46cecefeeaefcb6cb61.tgz"
  dependencies:
    "@esy-ocaml/esy-installer" "^0.0.0"
    "@esy-ocaml/substs" "^0.0.1"
    "@opam/ocamlbuild" "*"
    "@opam/ocamlfind" "*"
    "@opam/topkg" " >= 0.9.0"
  peerDependencies:
    ocaml " >= 4.1.0"

"@opam/result@*":
  version "1.2.0"
  uid "5c62071e67f4a84e28ceeaac2969d1ae"
  resolved "@opam/result@1.2.0-5c62071e67f4a84e28ceeaac2969d1ae.tgz"
  dependencies:
    "@esy-ocaml/esy-installer" "^0.0.0"
    "@esy-ocaml/substs" "^0.0.1"
  peerDependencies:
    ocaml "*"

"@opam/sedlex@^1.99.4":
  version "1.99.4"
  uid a8ea25e35e9eb51e2df32e8c308058fb
  resolved "@opam/sedlex@1.99.4-25327f02b7dc1ce645e06cde036d6b60.tgz"
  dependencies:
    "@esy-ocaml/esy-installer" "^0.0.0"
    "@esy-ocaml/substs" "^0.0.1"
    "@opam/gen" "*"
    "@opam/ocaml-migrate-parsetree" "*"
    "@opam/ocamlfind" "*"
    "@opam/ppx_tools_versioned" "*"
  peerDependencies:
    ocaml " >= 4.2.3000"

"@opam/sexplib@ >= 100000000.10.0  < 100000000.11.0":
  version "100000000.10.0"
  uid b9d188a02815394de53995872f854a63
  resolved "@opam/sexplib@100000000.10.0-04b36fb8d85586a7db9db0314b4da5fa.tgz"
  dependencies:
    "@esy-ocaml/esy-installer" "^0.0.0"
    "@esy-ocaml/substs" "^0.0.1"
    "@opam/jbuilder" " >= 1.0.0-beta12"
    "@opam/num" "*"
  peerDependencies:
    ocaml " >= 4.4.1000"

"@opam/stdio@ >= 100000000.10.0  < 100000000.11.0":
  version "100000000.10.0"
  uid "1d609fa241244c86cd7029e29ee910b3"
  resolved "@opam/stdio@100000000.10.0-048b90814aaf3ff22912757a907f8790.tgz"
  dependencies:
    "@esy-ocaml/esy-installer" "^0.0.0"
    "@esy-ocaml/substs" "^0.0.1"
    "@opam/base" " >= 100000000.10.0  < 100000000.11.0"
    "@opam/jbuilder" " >= 1.0.0-beta12"
    "@opam/sexplib" " >= 100000000.10.0  < 100000000.11.0"
  peerDependencies:
    ocaml " >= 4.4.1000"

"@opam/topkg@ >= 0.9.0", "@opam/topkg@*":
  version "0.9.1"
  uid "516192416bf683eb7edf2dbd649d014d"
  resolved "@opam/topkg@0.9.1-516192416bf683eb7edf2dbd649d014d.tgz"
  dependencies:
    "@esy-ocaml/esy-installer" "^0.0.0"
    "@esy-ocaml/substs" "^0.0.1"
    "@opam/ocamlbuild" "*"
    "@opam/ocamlfind" " >= 1.6.1"
    "@opam/result" "*"
  peerDependencies:
    ocaml " >= 4.1.0"

"@opam/uchar@*":
  version "0.0.2"
  uid "234806fdd6b50b459a41e955c67d875d"
  resolved "@opam/uchar@0.0.2-234806fdd6b50b459a41e955c67d875d.tgz"
  dependencies:
    "@esy-ocaml/esy-installer" "^0.0.0"
    "@esy-ocaml/substs" "^0.0.1"
    "@opam/ocamlbuild" "*"
  peerDependencies:
    ocaml " >= 3.12.0"

"@opam/utop@^2.0.2":
  version "2.0.2"
  uid a769ef27599e130f0d356979ed5e07af
  resolved "@opam/utop@2.0.2-32c88ae0a0ce738d6fcc8cba4d0df748.tgz"
  dependencies:
    "@esy-ocaml/esy-installer" "^0.0.0"
    "@esy-ocaml/substs" "^0.0.1"
    "@opam/base-threads" "*"
    "@opam/base-unix" "*"
    "@opam/camomile" "*"
    "@opam/cppo" " >= 1.1.2"
    "@opam/jbuilder" " >= 1.0.0-beta9"
    "@opam/lambda-term" " >= 1.2.0"
    "@opam/lwt" "*"
    "@opam/lwt_react" "*"
    "@opam/ocamlfind" " >= 1.7.2"
    "@opam/react" " >= 1.0.0"
  peerDependencies:
    ocaml " >= 4.2.3000"

"@opam/variantslib@ >= 100000000.10.0  < 100000000.11.0":
  version "100000000.10.0"
  uid d6f5a0141e38724bd7a0add4fd3594e6
  resolved "@opam/variantslib@100000000.10.0-9545d5efc1b920a84efc95044d5a77f9.tgz"
  dependencies:
    "@esy-ocaml/esy-installer" "^0.0.0"
    "@esy-ocaml/substs" "^0.0.1"
    "@opam/base" " >= 100000000.10.0  < 100000000.11.0"
    "@opam/jbuilder" " >= 1.0.0-beta12"
    "@opam/ocaml-migrate-parsetree" " >= 0.4.0"
    "@opam/ppx_driver" " >= 100000000.10.0  < 100000000.11.0"
  peerDependencies:
    ocaml " >= 4.4.1000"

"@opam/wtf8@^1.0.1":
  version "1.0.1"
  uid "9e0e762a35cd3b804dce23039179d671"
  resolved "@opam/wtf8@1.0.1-9e0e762a35cd3b804dce23039179d671.tgz"
  dependencies:
    "@esy-ocaml/esy-installer" "^0.0.0"
    "@esy-ocaml/substs" "^0.0.1"
    "@opam/jbuilder" " >= 1.0.0-beta7"
  peerDependencies:
    ocaml " >= 4.1.0"

"@opam/yojson@*", "@opam/yojson@1.4.0":
  version "1.4.0"
  uid "139a44cad85290f31b72aecca4e60c65"
  resolved "@opam/yojson@1.4.0-c155d6491e9922eec9e88e06b4339e36.tgz"
  dependencies:
    "@esy-ocaml/esy-installer" "^0.0.0"
    "@esy-ocaml/substs" "^0.0.1"
    "@opam/biniou" " >= 1.2.0"
    "@opam/cppo" "*"
    "@opam/easy-format" "*"
    "@opam/jbuilder" "*"
  peerDependencies:
    ocaml " >= 4.2.3000"

"@opam/zed@ >= 1.2.0":
  version "1.6.0"
  uid "9a4c3157c2db719927f9648234487c6d"
  resolved "@opam/zed@1.6.0-c105df4c4df71fb38b9332836411ec68.tgz"
  dependencies:
    "@esy-ocaml/esy-installer" "^0.0.0"
    "@esy-ocaml/substs" "^0.0.1"
    "@opam/base-bytes" "*"
    "@opam/camomile" " >= 0.8.0"
    "@opam/jbuilder" " >= 1.0.0-beta9"
    "@opam/react" "*"
  peerDependencies:
    ocaml " >= 4.2.3000"

ocaml@~4.6.0:
  version "4.6.1"
  resolved "https://registry.yarnpkg.com/ocaml/-/ocaml-4.6.1.tgz#8babea2c41a9f734313b4fc1841ec0963c9d7a07"
