# THIS IS AN AUTOGENERATED FILE. DO NOT EDIT THIS FILE DIRECTLY.
# yarn lockfile v1


"@esy-ocaml/esy-installer@^0.0.0":
  version "0.0.0"
  resolved "https://registry.yarnpkg.com/@esy-ocaml/esy-installer/-/esy-installer-0.0.0.tgz#6b0e2bd4ee43531ac74793fe55cfcc3aca197a66"

"@esy-ocaml/substs@^0.0.1":
  version "0.0.1"
  resolved "https://registry.yarnpkg.com/@esy-ocaml/substs/-/substs-0.0.1.tgz#59ebdbbaedcda123fc7ed8fb2b302b7d819e9a46"

"@opam/base-bytes@*":
  version "0.0.0-base"
  uid "4e038693a3da5b60b03ab6859a65f0c9"
  resolved "@opam/base-bytes@0.0.0-base-4e038693a3da5b60b03ab6859a65f0c9.tgz"
  dependencies:
    "@esy-ocaml/esy-installer" "^0.0.0"
    "@esy-ocaml/substs" "^0.0.1"
    "@opam/ocamlfind" " >= 1.5.3"
  peerDependencies:
    ocaml " >= 4.2.0"

"@opam/base-threads@*":
  version "0.0.0-base"
  uid "67f87e0e25140696e82a3ea6db4f7dc3"
  resolved "@opam/base-threads@0.0.0-base-67f87e0e25140696e82a3ea6db4f7dc3.tgz"
  dependencies:
    "@esy-ocaml/esy-installer" "^0.0.0"
    "@esy-ocaml/substs" "^0.0.1"
  peerDependencies:
    ocaml "*"

"@opam/base-unix@*":
  version "0.0.0-base"
  uid b3f541b8b9c1d4982ad18937af9a0c36
  resolved "@opam/base-unix@0.0.0-base-b3f541b8b9c1d4982ad18937af9a0c36.tgz"
  dependencies:
    "@esy-ocaml/esy-installer" "^0.0.0"
    "@esy-ocaml/substs" "^0.0.1"
  peerDependencies:
    ocaml "*"

"@opam/biniou@ >= 1.2.0":
  version "1.2.0"
  uid "05460293c64f09fbf614494aaa3d70be"
  resolved "@opam/biniou@1.2.0-05460293c64f09fbf614494aaa3d70be.tgz"
  dependencies:
    "@esy-ocaml/esy-installer" "^0.0.0"
    "@esy-ocaml/substs" "^0.0.1"
    "@opam/conf-which" ""
    "@opam/easy-format" "*"
    "@opam/jbuilder" ""
  peerDependencies:
    ocaml " >= 4.2.3"

"@opam/camlp4@*":
  version "4.4.0-1"
  uid "1decd33f7d87b11a52edaecc098ab808"
  resolved "@opam/camlp4@4.4.0-1-1decd33f7d87b11a52edaecc098ab808.tgz"
  dependencies:
    "@esy-ocaml/esy-installer" "^0.0.0"
    "@esy-ocaml/substs" "^0.0.1"
    "@opam/ocamlbuild" ""
  peerDependencies:
    ocaml " >= 4.4.0  < 4.5.0"

"@opam/camomile@ >= 0.8.0":
  version "0.8.6"
  uid "52aa26022c592d89a6c869252dca4f7b"
  resolved "@opam/camomile@0.8.6-52aa26022c592d89a6c869252dca4f7b.tgz"
  dependencies:
    "@esy-ocaml/esy-installer" "^0.0.0"
    "@esy-ocaml/substs" "^0.0.1"
    "@opam/base-bytes" "*"
    "@opam/camlp4" "*"
    "@opam/cppo" ""
    "@opam/jbuilder" "  >= 1.0.0-beta7"
  peerDependencies:
    ocaml " >= 4.3.0"

"@opam/cmdliner@ >= 1.0.0":
  version "1.0.2"
  uid "58772833f9d6afa33a65fc18803c0594"
  resolved "@opam/cmdliner@1.0.2-58772833f9d6afa33a65fc18803c0594.tgz"
  dependencies:
    "@esy-ocaml/esy-installer" "^0.0.0"
    "@esy-ocaml/substs" "^0.0.1"
    "@opam/ocamlbuild" ""
    "@opam/ocamlfind" ""
    "@opam/result" "*"
    "@opam/topkg" ""
  peerDependencies:
    ocaml " >= 4.1.0"

"@opam/cmdliner@1.0.0":
  version "1.0.0"
  uid "0cba2b0c71edd76ca9cc70d732c64c55"
  resolved "@opam/cmdliner@1.0.0-0cba2b0c71edd76ca9cc70d732c64c55.tgz"
  dependencies:
    "@esy-ocaml/esy-installer" "^0.0.0"
    "@esy-ocaml/substs" "^0.0.1"
    "@opam/ocamlbuild" ""
    "@opam/ocamlfind" ""
    "@opam/result" "*"
    "@opam/topkg" ""
  peerDependencies:
    ocaml " >= 4.1.0"

"@opam/conf-m4@":
  version "1.0.0"
  uid "6a07387ecf8690d0154808ee53791648"
  resolved "@opam/conf-m4@1.0.0-6a07387ecf8690d0154808ee53791648.tgz"
  dependencies:
    "@esy-ocaml/esy-installer" "^0.0.0"
    "@esy-ocaml/substs" "^0.0.1"
  peerDependencies:
    ocaml "*"

"@opam/conf-which@":
  version "1.0.0"
  uid "2671be1e83ed93ceca68f60ee9c2f5f9"
  resolved "@opam/conf-which@1.0.0-2671be1e83ed93ceca68f60ee9c2f5f9.tgz"
  dependencies:
    "@esy-ocaml/esy-installer" "^0.0.0"
    "@esy-ocaml/substs" "^0.0.1"
  peerDependencies:
    ocaml "*"

"@opam/containers@1.3.0":
  version "1.3.0"
  uid "09202b4df6f510b034bff0c8e256b3b9"
  resolved "@opam/containers@1.3.0-09202b4df6f510b034bff0c8e256b3b9.tgz"
  dependencies:
    "@esy-ocaml/esy-installer" "^0.0.0"
    "@esy-ocaml/substs" "^0.0.1"
    "@opam/base-bytes" "*"
    "@opam/base-threads" "*"
    "@opam/base-unix" "*"
    "@opam/cppo" ""
    "@opam/ocamlbuild" ""
    "@opam/ocamlfind" ""
    "@opam/qtest" ""
    "@opam/result" "*"
  peerDependencies:
    ocaml " >= 4.1.0"

"@opam/cppo@", "@opam/cppo@  >= 1.1.0", "@opam/cppo@  >= 1.1.2":
  version "1.6.0"
  uid "6568a0d800f90503875407777ab7f47b"
  resolved "@opam/cppo@1.6.0-6568a0d800f90503875407777ab7f47b.tgz"
  dependencies:
    "@esy-ocaml/esy-installer" "^0.0.0"
    "@esy-ocaml/substs" "^0.0.1"
    "@opam/base-bytes" "*"
    "@opam/base-unix" "*"
    "@opam/jbuilder" "  >= 1.0.0-beta10"
  peerDependencies:
    ocaml "*"

"@opam/easy-format@*":
  version "1.3.0"
  uid b843ad9c32a3dcd29e70c32b3b060420
  resolved "@opam/easy-format@1.3.0-b843ad9c32a3dcd29e70c32b3b060420.tgz"
  dependencies:
    "@esy-ocaml/esy-installer" "^0.0.0"
    "@esy-ocaml/substs" "^0.0.1"
    "@opam/jbuilder" ""
  peerDependencies:
    ocaml " >= 4.2.3"

"@opam/fileutils@0.5.2":
  version "0.5.2"
  uid f1f304a0ad31d9e4aeeca54b238d3b41
  resolved "@opam/fileutils@0.5.2-f1f304a0ad31d9e4aeeca54b238d3b41.tgz"
  dependencies:
    "@esy-ocaml/esy-installer" "^0.0.0"
    "@esy-ocaml/substs" "^0.0.1"
    "@opam/base-unix" "*"
    "@opam/ocamlbuild" ""
    "@opam/ocamlfind" ""
    "@opam/ounit" "  >= 2.0.0"
  peerDependencies:
    ocaml "*"

"@opam/flow_parser@0.52.0":
  version "0.52.0"
  uid "6403dcea3031ef126ce5d43103e8256b"
  resolved "@opam/flow_parser@0.52.0-6403dcea3031ef126ce5d43103e8256b.tgz"
  dependencies:
    "@esy-ocaml/esy-installer" "^0.0.0"
    "@esy-ocaml/substs" "^0.0.1"
    "@opam/ocamlbuild" ""
    "@opam/ocamlfind" ""
    "@opam/sedlex" "*"
  peerDependencies:
    ocaml " >= 4.3.0"

"@opam/gen@*":
  version "0.4.0"
  uid c44522d8c0f04c7739d06acf5e8f48fb
  resolved "@opam/gen@0.4.0-c44522d8c0f04c7739d06acf5e8f48fb.tgz"
  dependencies:
    "@esy-ocaml/esy-installer" "^0.0.0"
    "@esy-ocaml/substs" "^0.0.1"
    "@opam/ocamlbuild" ""
    "@opam/ocamlfind" ""
  peerDependencies:
    ocaml "*"

"@opam/jbuilder@", "@opam/jbuilder@  >= 1.0.0-beta10", "@opam/jbuilder@  >= 1.0.0-beta7", "@opam/jbuilder@  >= 1.0.0-beta9", "@opam/jbuilder@*":
  version "1.0.0-beta14"
  uid "117999132e6d500bc19773197efa59bb"
  resolved "@opam/jbuilder@1.0.0-beta14-117999132e6d500bc19773197efa59bb.tgz"
  dependencies:
    "@esy-ocaml/esy-installer" "^0.0.0"
    "@esy-ocaml/substs" "^0.0.1"
    "@opam/ocamlfind" ""
  peerDependencies:
    ocaml " >= 4.2.3"

"@opam/lambda-term@ >= 1.9.0":
  version "1.11.0"
  uid "543449f74a6764cb8b612be68859fe10"
  resolved "@opam/lambda-term@1.11.0-543449f74a6764cb8b612be68859fe10.tgz"
  dependencies:
    "@esy-ocaml/esy-installer" "^0.0.0"
    "@esy-ocaml/substs" "^0.0.1"
    "@opam/jbuilder" "  >= 1.0.0-beta7"
    "@opam/lwt" " >= 2.7.0"
    "@opam/lwt_react" "*"
    "@opam/zed" " >= 1.2.0"
  peerDependencies:
    ocaml " >= 4.2.3"

"@opam/lwt@ >= 2.7.0", "@opam/lwt@ >= 3.0.0", "@opam/lwt@*", "@opam/lwt@3.1.0":
  version "3.1.0"
  uid "2918d993de2ee66788d640914b205be4"
  resolved "@opam/lwt@3.1.0-2918d993de2ee66788d640914b205be4.tgz"
  dependencies:
    "@esy-ocaml/esy-installer" "^0.0.0"
    "@esy-ocaml/substs" "^0.0.1"
    "@opam/base-threads" "*"
    "@opam/base-unix" "*"
    "@opam/camlp4" "*"
    "@opam/cppo" "  >= 1.1.0"
    "@opam/jbuilder" "  >= 1.0.0-beta10"
    "@opam/ocaml-migrate-parsetree" "*"
    "@opam/ocamlfind" "  >= 1.5.0"
    "@opam/ppx_tools_versioned" "*"
    "@opam/result" "*"
  peerDependencies:
    ocaml " >= 4.2.0"

"@opam/lwt_react@*":
  version "1.1.0"
  uid "2376e1fb1ea11a937d444eb2c7ab0ba4"
  resolved "@opam/lwt_react@1.1.0-2376e1fb1ea11a937d444eb2c7ab0ba4.tgz"
  dependencies:
    "@esy-ocaml/esy-installer" "^0.0.0"
    "@esy-ocaml/substs" "^0.0.1"
    "@opam/jbuilder" "  >= 1.0.0-beta10"
    "@opam/lwt" " >= 3.0.0"
    "@opam/react" " >= 1.0.0"
  peerDependencies:
    ocaml "*"

"@opam/merlin@*":
  version "3.0.3"
  uid "300c2cef4c4802b2310397cfec83b4de"
  resolved "@opam/merlin@3.0.3-300c2cef4c4802b2310397cfec83b4de.tgz"
  dependencies:
    "@esy-ocaml/esy-installer" "^0.0.0"
    "@esy-ocaml/substs" "^0.0.1"
    "@opam/ocamlfind" " >= 1.5.2"
    "@opam/yojson" "*"
  peerDependencies:
    ocaml " >= 4.2.1  < 4.6.0"

"@opam/ocaml-migrate-parsetree@ >= 0.7.0", "@opam/ocaml-migrate-parsetree@*":
  version "1.0.6"
  uid "1bf70abb65426fc1bf81294a31102782"
  resolved "@opam/ocaml-migrate-parsetree@1.0.6-1bf70abb65426fc1bf81294a31102782.tgz"
  dependencies:
    "@esy-ocaml/esy-installer" "^0.0.0"
    "@esy-ocaml/substs" "^0.0.1"
    "@opam/jbuilder" "  >= 1.0.0-beta10"
    "@opam/ocamlfind" ""
    "@opam/result" "*"
  peerDependencies:
    ocaml " >= 4.2.0"

"@opam/ocamlbuild@", "@opam/ocamlbuild@*", "@opam/ocamlbuild@esy-ocaml/ocamlbuild#0.11.0-esy":
  version "0.11.0-esy"
  resolved "https://codeload.github.com/esy-ocaml/ocamlbuild/tar.gz/90f11299fca1944a835b4c4ef8b6a45b912fa1b7"
  dependencies:
    opam-installer-bin esy-ocaml/opam-installer-bin
    substs esy-ocaml/substs
  peerDependencies:
    ocaml " >= 4.3.0"

"@opam/ocamlfind@", "@opam/ocamlfind@  >= 1.5.0", "@opam/ocamlfind@  >= 1.6.1", "@opam/ocamlfind@ >= 1.5.0", "@opam/ocamlfind@ >= 1.5.2", "@opam/ocamlfind@ >= 1.5.3", "@opam/ocamlfind@ >= 1.7.2", "@opam/ocamlfind@*":
  version "1.7.3"
  uid "92b0aaccebb83aae8b952ae10bf9cc92"
  resolved "@opam/ocamlfind@1.7.3-92b0aaccebb83aae8b952ae10bf9cc92.tgz"
  dependencies:
    "@esy-ocaml/esy-installer" "^0.0.0"
    "@esy-ocaml/substs" "^0.0.1"
    "@opam/conf-m4" ""
  peerDependencies:
    ocaml " >= 3.12.0"

"@opam/ocp-build@ >= 1.99.6--beta":
  version "1.99.19--beta"
  uid "46d40f608f11f237f5d490d8baa786ad"
  resolved "@opam/ocp-build@1.99.19--beta-46d40f608f11f237f5d490d8baa786ad.tgz"
  dependencies:
    "@esy-ocaml/esy-installer" "^0.0.0"
    "@esy-ocaml/substs" "^0.0.1"
    "@opam/ocamlfind" "*"
  peerDependencies:
    ocaml " >= 3.12.1"

"@opam/ocp-indent@*":
  version "1.6.1"
  uid "377efe6553db39616ed23247f8c059d5"
  resolved "@opam/ocp-indent@1.6.1-377efe6553db39616ed23247f8c059d5.tgz"
  dependencies:
    "@esy-ocaml/esy-installer" "^0.0.0"
    "@esy-ocaml/substs" "^0.0.1"
    "@opam/base-bytes" "*"
    "@opam/cmdliner" " >= 1.0.0"
    "@opam/ocp-build" " >= 1.99.6--beta"
  peerDependencies:
    ocaml "*"

"@opam/ounit@  >= 2.0.0", "@opam/ounit@ >= 2.0.0", "@opam/ounit@*":
  version "2.0.6"
  uid "99c1e005b8a22836dfcb1898df91b8cc"
  resolved "@opam/ounit@2.0.6-99c1e005b8a22836dfcb1898df91b8cc.tgz"
  dependencies:
    "@esy-ocaml/esy-installer" "^0.0.0"
    "@esy-ocaml/substs" "^0.0.1"
    "@opam/base-bytes" "*"
    "@opam/ocamlbuild" ""
    "@opam/ocamlfind" "*"
  peerDependencies:
    ocaml " >= 3.11.0"

"@opam/ppx_tools_versioned@*":
  version "5.0.1"
  uid "4e451237fd05efd8a1a78ec35d3d84df"
  resolved "@opam/ppx_tools_versioned@5.0.1-4e451237fd05efd8a1a78ec35d3d84df.tgz"
  dependencies:
    "@esy-ocaml/esy-installer" "^0.0.0"
    "@esy-ocaml/substs" "^0.0.1"
    "@opam/ocaml-migrate-parsetree" " >= 0.7.0"
    "@opam/ocamlfind" " >= 1.5.0"
  peerDependencies:
    ocaml " >= 4.2.0"

"@opam/qcheck@ >= 0.5.0":
  version "0.7.0"
  uid f6bb1748838197ff892c97a1dd032cf6
  resolved "@opam/qcheck@0.7.0-f6bb1748838197ff892c97a1dd032cf6.tgz"
  dependencies:
    "@esy-ocaml/esy-installer" "^0.0.0"
    "@esy-ocaml/substs" "^0.0.1"
    "@opam/base-bytes" "*"
    "@opam/base-unix" "*"
    "@opam/ocamlfind" "*"
    "@opam/ounit" "*"
  peerDependencies:
    ocaml " >= 4.0.0"

"@opam/qtest@":
  version "2.7.0"
  uid "5d15019cacde5f26f19c19faa9c75b02"
  resolved "@opam/qtest@2.7.0-5d15019cacde5f26f19c19faa9c75b02.tgz"
  dependencies:
    "@esy-ocaml/esy-installer" "^0.0.0"
    "@esy-ocaml/substs" "^0.0.1"
    "@opam/base-bytes" "*"
    "@opam/ocamlbuild" ""
    "@opam/ocamlfind" "*"
    "@opam/ounit" " >= 2.0.0"
    "@opam/qcheck" " >= 0.5.0"
  peerDependencies:
    ocaml " >= 4.0.0"

"@opam/react@ >= 1.0.0", "@opam/react@*":
  version "1.2.1"
  uid "0091f9ae5147c0413a10c2d36f9786b2"
  resolved "@opam/react@1.2.1-0091f9ae5147c0413a10c2d36f9786b2.tgz"
  dependencies:
    "@esy-ocaml/esy-installer" "^0.0.0"
    "@esy-ocaml/substs" "^0.0.1"
    "@opam/ocamlbuild" ""
    "@opam/ocamlfind" ""
    "@opam/topkg" "  >= 0.9.0"
  peerDependencies:
    ocaml " >= 4.1.0"

"@opam/result@*":
  version "1.2.0"
  uid ea36b0b0d320e7e91b063127058b68fb
  resolved "@opam/result@1.2.0-ea36b0b0d320e7e91b063127058b68fb.tgz"
  dependencies:
    "@esy-ocaml/esy-installer" "^0.0.0"
    "@esy-ocaml/substs" "^0.0.1"
  peerDependencies:
    ocaml "*"

"@opam/sedlex@*":
  version "1.99.4"
  uid "87315f3521199a53b59faf9b35559458"
  resolved "@opam/sedlex@1.99.4-87315f3521199a53b59faf9b35559458.tgz"
  dependencies:
    "@esy-ocaml/esy-installer" "^0.0.0"
    "@esy-ocaml/substs" "^0.0.1"
    "@opam/gen" "*"
    "@opam/ocaml-migrate-parsetree" "*"
    "@opam/ocamlfind" ""
    "@opam/ppx_tools_versioned" "*"
  peerDependencies:
    ocaml " >= 4.2.3"

"@opam/topkg@", "@opam/topkg@  >= 0.9.0":
  version "0.9.1"
  uid fd356876c1c19a88566c60f2ad8d8b84
  resolved "@opam/topkg@0.9.1-fd356876c1c19a88566c60f2ad8d8b84.tgz"
  dependencies:
    "@esy-ocaml/esy-installer" "^0.0.0"
    "@esy-ocaml/substs" "^0.0.1"
    "@opam/ocamlbuild" "*"
    "@opam/ocamlfind" "  >= 1.6.1"
    "@opam/result" "*"
  peerDependencies:
    ocaml " >= 4.1.0"

"@opam/utop@*":
  version "2.0.1"
  uid "319121c95292bacd82ed1311b80fe30b"
  resolved "@opam/utop@2.0.1-319121c95292bacd82ed1311b80fe30b.tgz"
  dependencies:
    "@esy-ocaml/esy-installer" "^0.0.0"
    "@esy-ocaml/substs" "^0.0.1"
    "@opam/base-threads" "*"
    "@opam/base-unix" "*"
    "@opam/cppo" "  >= 1.1.2"
    "@opam/jbuilder" "  >= 1.0.0-beta9"
    "@opam/lambda-term" " >= 1.9.0"
    "@opam/lwt" "*"
    "@opam/ocamlfind" " >= 1.7.2"
    "@opam/react" " >= 1.0.0"
  peerDependencies:
    ocaml " >= 4.2.3  < 4.6.0"

"@opam/yojson@*", "@opam/yojson@1.4.0":
  version "1.4.0"
  uid d35a3e0fd21c07a665967de3acf4b450
  resolved "@opam/yojson@1.4.0-d35a3e0fd21c07a665967de3acf4b450.tgz"
  dependencies:
    "@esy-ocaml/esy-installer" "^0.0.0"
    "@esy-ocaml/substs" "^0.0.1"
    "@opam/biniou" " >= 1.2.0"
    "@opam/cppo" ""
    "@opam/easy-format" "*"
    "@opam/jbuilder" ""
  peerDependencies:
    ocaml " >= 4.2.3"

"@opam/zed@ >= 1.2.0":
  version "1.5.0"
  uid de7428b44e7d62fff28c9d92d8c857e9
  resolved "@opam/zed@1.5.0-de7428b44e7d62fff28c9d92d8c857e9.tgz"
  dependencies:
    "@esy-ocaml/esy-installer" "^0.0.0"
    "@esy-ocaml/substs" "^0.0.1"
    "@opam/base-bytes" "*"
    "@opam/camomile" " >= 0.8.0"
    "@opam/jbuilder" "  >= 1.0.0-beta7"
    "@opam/react" "*"
  peerDependencies:
    ocaml " >= 4.2.3"

ocaml@~4.4.0:
  version "4.4.2000"
  resolved "https://registry.yarnpkg.com/ocaml/-/ocaml-4.4.2000.tgz#22a7ebdb7a6bb38044295116e5a68a34424bb2ac"

opam-installer-bin@esy-ocaml/opam-installer-bin:
  version "0.0.0"
  resolved "https://codeload.github.com/esy-ocaml/opam-installer-bin/tar.gz/37d5d7951cc5befd1f124e1abe14b39ba1bdf5a6"

substs@esy-ocaml/substs:
  version "0.0.1"
  resolved "https://codeload.github.com/esy-ocaml/substs/tar.gz/9f9711253d4a384f73d115843cc30f25e39f7615"
